<?xml version="1.0" encoding="utf-8"?>
<Project ToolsVersion="4.0" xmlns="http://schemas.microsoft.com/developer/msbuild/2003">
  <ItemGroup>
    <Filter Include="소스 파일">
      <UniqueIdentifier>{4FC737F1-C7A5-4376-A066-2A32D752A2FF}</UniqueIdentifier>
      <Extensions>cpp;c;cc;cxx;c++;cppm;ixx;def;odl;idl;hpj;bat;asm;asmx</Extensions>
    </Filter>
    <Filter Include="헤더 파일">
      <UniqueIdentifier>{93995380-89BD-4b04-88EB-625FBE52EBFB}</UniqueIdentifier>
      <Extensions>h;hh;hpp;hxx;h++;hm;inl;inc;ipp;xsd</Extensions>
    </Filter>
    <Filter Include="리소스 파일">
      <UniqueIdentifier>{67DA6AB6-F800-4c08-8B7A-83BB121AAD01}</UniqueIdentifier>
      <Extensions>rc;ico;cur;bmp;dlg;rc2;rct;bin;rgs;gif;jpg;jpeg;jpe;resx;tiff;tif;png;wav;mfcribbon-ms</Extensions>
    </Filter>
  </ItemGroup>
  <ItemGroup>
    <ClCompile Include="Bellman-FordAlgorithm.cpp">
      <Filter>소스 파일</Filter>
    </ClCompile>
    <ClCompile Include="BinarySearchTree.cpp">
      <Filter>소스 파일</Filter>
    </ClCompile>
    <ClCompile Include="CountNetwork_UnionFindAlgo.cpp">
      <Filter>소스 파일</Filter>
    </ClCompile>
    <ClCompile Include="Dijkstra.cpp">
      <Filter>소스 파일</Filter>
    </ClCompile>
    <ClCompile Include="GiftCount.cpp">
      <Filter>소스 파일</Filter>
    </ClCompile>
    <ClCompile Include="MinimunSpanningTree.cpp">
      <Filter>소스 파일</Filter>
    </ClCompile>
    <ClCompile Include="SumCombinations.cpp">
      <Filter>소스 파일</Filter>
    </ClCompile>
    <ClCompile Include="TreeTraversal.cpp">
      <Filter>소스 파일</Filter>
    </ClCompile>
    <ClCompile Include="Union-FindAlgorithm.cpp">
      <Filter>소스 파일</Filter>
    </ClCompile>
    <ClCompile Include="FoldBill.cpp">
      <Filter>소스 파일</Filter>
    </ClCompile>
    <ClCompile Include="VideoPlayer.cpp">
      <Filter>소스 파일</Filter>
    </ClCompile>
    <ClCompile Include="MaxMatSize.cpp">
      <Filter>소스 파일</Filter>
    </ClCompile>
    <ClCompile Include="CollisionPossiblity.cpp">
      <Filter>소스 파일</Filter>
    </ClCompile>
    <ClCompile Include="Sequences_ver1.cpp">
      <Filter>소스 파일</Filter>
    </ClCompile>
    <ClCompile Include="CountSort.cpp">
      <Filter>소스 파일</Filter>
    </ClCompile>
    <ClCompile Include="MeetingRoomAssignment.cpp">
      <Filter>소스 파일</Filter>
    </ClCompile>
    <ClCompile Include="MergeSort.cpp">
      <Filter>소스 파일</Filter>
    </ClCompile>
    <ClCompile Include="SortingString.cpp">
      <Filter>소스 파일</Filter>
    </ClCompile>
    <ClCompile Include="GroundMoving.cpp">
      <Filter>소스 파일</Filter>
    </ClCompile>
    <ClCompile Include="Tuple.cpp">
      <Filter>소스 파일</Filter>
    </ClCompile>
    <ClCompile Include="BiggestNumber.cpp">
      <Filter>소스 파일</Filter>
    </ClCompile>
    <ClCompile Include="KthNumber.cpp">
      <Filter>소스 파일</Filter>
    </ClCompile>
    <ClCompile Include="SortIntDescend.cpp">
      <Filter>소스 파일</Filter>
    </ClCompile>
    <ClCompile Include="RotateArray.cpp">
      <Filter>소스 파일</Filter>
    </ClCompile>
    <ClCompile Include="SnailArray.cpp">
      <Filter>소스 파일</Filter>
    </ClCompile>
    <ClCompile Include="TransformBinary.cpp">
      <Filter>소스 파일</Filter>
    </ClCompile>
    <ClCompile Include="Carpet.cpp">
      <Filter>소스 파일</Filter>
    </ClCompile>
    <ClCompile Include="CuttingRollcake.cpp">
      <Filter>소스 파일</Filter>
    </ClCompile>
    <ClCompile Include="JumpAndTeleport.cpp">
      <Filter>소스 파일</Filter>
    </ClCompile>
    <ClCompile Include="LCSLength.cpp">
      <Filter>소스 파일</Filter>
    </ClCompile>
    <ClCompile Include="LISLength.cpp">
      <Filter>소스 파일</Filter>
    </ClCompile>
    <ClCompile Include="LocatePebbles.cpp">
      <Filter>소스 파일</Filter>
    </ClCompile>
    <ClCompile Include="LocationOfCharacter.cpp">
      <Filter>소스 파일</Filter>
    </ClCompile>
    <ClCompile Include="DeliverySugar.cpp">
      <Filter>소스 파일</Filter>
    </ClCompile>
    <ClCompile Include="Tiling_2xn.cpp">
      <Filter>소스 파일</Filter>
    </ClCompile>
    <ClCompile Include="SequenceNumberSum.cpp">
      <Filter>소스 파일</Filter>
    </ClCompile>
    <ClCompile Include="ClimbStairs.cpp">
      <Filter>소스 파일</Filter>
    </ClCompile>
    <ClCompile Include="IntegerTriangle.cpp">
      <Filter>소스 파일</Filter>
    </ClCompile>
    <ClCompile Include="PlayHopscotch.cpp">
      <Filter>소스 파일</Filter>
    </ClCompile>
    <ClCompile Include="FindBiggestSquare.cpp">
      <Filter>소스 파일</Filter>
    </ClCompile>
    <ClCompile Include="GivingChange.cpp">
      <Filter>소스 파일</Filter>
    </ClCompile>
    <ClCompile Include="FractionKnapsackProblem.cpp">
      <Filter>소스 파일</Filter>
    </ClCompile>
    <ClCompile Include="NormalKnapsack.cpp">
      <Filter>소스 파일</Filter>
    </ClCompile>
    <ClCompile Include="PrivacyExpiration.cpp">
      <Filter>소스 파일</Filter>
    </ClCompile>
    <ClCompile Include="PickingDoll.cpp">
      <Filter>소스 파일</Filter>
    </ClCompile>
    <ClCompile Include="EscapeMazeOrder.cpp">
      <Filter>소스 파일</Filter>
    </ClCompile>
    <ClCompile Include="DeliveryAndPickup.cpp">
      <Filter>소스 파일</Filter>
    </ClCompile>
    <ClCompile Include="CountQuadTree.cpp">
      <Filter>소스 파일</Filter>
    </ClCompile>
    <ClCompile Include="Move110.cpp">
      <Filter>소스 파일</Filter>
    </ClCompile>
    <ClCompile Include="RGBStreet.cpp">
      <Filter>소스 파일</Filter>
    </ClCompile>
    <ClCompile Include="MakeToOne.cpp">
      <Filter>소스 파일</Filter>
    </ClCompile>
    <ClCompile Include="EasyStairNumber.cpp">
      <Filter>소스 파일</Filter>
    </ClCompile>
    <ClCompile Include="BitonicSequence.cpp">
      <Filter>소스 파일</Filter>
    </ClCompile>
    <ClCompile Include="WineTasting.cpp">
      <Filter>소스 파일</Filter>
    </ClCompile>
    <ClCompile Include="AlarmClock.cpp">
      <Filter>소스 파일</Filter>
    </ClCompile>
    <ClCompile Include="Average.cpp">
      <Filter>소스 파일</Filter>
    </ClCompile>
    <ClCompile Include="Josephus.cpp">
      <Filter>소스 파일</Filter>
    </ClCompile>
    <ClCompile Include="Laboratory.cpp">
      <Filter>소스 파일</Filter>
    </ClCompile>
    <ClCompile Include="RobotCleaner.cpp">
      <Filter>소스 파일</Filter>
    </ClCompile>
    <ClCompile Include="QuitCompany.cpp">
      <Filter>소스 파일</Filter>
    </ClCompile>
    <ClCompile Include="ChickenDelivery.cpp">
      <Filter>소스 파일</Filter>
    </ClCompile>
    <ClCompile Include="Tetromino.cpp">
      <Filter>소스 파일</Filter>
    </ClCompile>
    <ClCompile Include="LCS_Baekjoon.cpp">
      <Filter>소스 파일</Filter>
    </ClCompile>
    <ClCompile Include="BaseTransform.cpp">
      <Filter>소스 파일</Filter>
    </ClCompile>
    <ClCompile Include="Snake.cpp">
      <Filter>소스 파일</Filter>
    </ClCompile>
    <ClCompile Include="PinaryNumber.cpp">
      <Filter>소스 파일</Filter>
    </ClCompile>
    <ClCompile Include="Coin1.cpp">
      <Filter>소스 파일</Filter>
    </ClCompile>
    <ClCompile Include="GameDevelop.cpp">
      <Filter>소스 파일</Filter>
    </ClCompile>
    <ClCompile Include="BabyShark.cpp">
      <Filter>소스 파일</Filter>
    </ClCompile>
    <ClCompile Include="Coin2.cpp">
      <Filter>소스 파일</Filter>
    </ClCompile>
    <ClCompile Include="BestAlbam.cpp">
      <Filter>소스 파일</Filter>
    </ClCompile>
    <ClCompile Include="MovePeople.cpp">
      <Filter>소스 파일</Filter>
    </ClCompile>
    <ClCompile Include="ApartmentLeader.cpp">
      <Filter>소스 파일</Filter>
    </ClCompile>
    <ClCompile Include="LIS_Baekjoon.cpp">
      <Filter>소스 파일</Filter>
    </ClCompile>
    <ClCompile Include="ElectricWire.cpp">
      <Filter>소스 파일</Filter>
    </ClCompile>
    <ClCompile Include="BadUser.cpp">
      <Filter>소스 파일</Filter>
    </ClCompile>
    <ClCompile Include="CheckKeepingDistance.cpp">
      <Filter>소스 파일</Filter>
    </ClCompile>
    <ClCompile Include="CountingPrimeNumber.cpp">
      <Filter>소스 파일</Filter>
    </ClCompile>
    <ClCompile Include="RollingDice.cpp">
      <Filter>소스 파일</Filter>
    </ClCompile>
    <ClCompile Include="SumComposition.cpp">
      <Filter>소스 파일</Filter>
    </ClCompile>
    <ClCompile Include="NumberGame.cpp">
      <Filter>소스 파일</Filter>
    </ClCompile>
    <ClCompile Include="SumTwoQueue.cpp">
      <Filter>소스 파일</Filter>
    </ClCompile>
    <ClCompile Include="StudyCodingTest.cpp">
      <Filter>소스 파일</Filter>
    </ClCompile>
    <ClCompile Include="ReceiveReportResult.cpp">
      <Filter>소스 파일</Filter>
    </ClCompile>
    <ClCompile Include="PartialSectionSum4.cpp">
      <Filter>소스 파일</Filter>
    </ClCompile>
    <ClCompile Include="Sequence.cpp">
      <Filter>소스 파일</Filter>
    </ClCompile>
    <ClCompile Include="PartialSectionSum5.cpp">
      <Filter>소스 파일</Filter>
    </ClCompile>
    <ClCompile Include="NumberCard2.cpp">
      <Filter>소스 파일</Filter>
    </ClCompile>
    <ClCompile Include="CuttingWire.cpp">
      <Filter>소스 파일</Filter>
    </ClCompile>
    <ClCompile Include="Good.cpp">
      <Filter>소스 파일</Filter>
    </ClCompile>
    <ClCompile Include="RenewalMenu.cpp">
      <Filter>소스 파일</Filter>
    </ClCompile>
    <ClCompile Include="VectorMatching.cpp">
      <Filter>소스 파일</Filter>
    </ClCompile>
    <ClCompile Include="HighBuilding.cpp">
      <Filter>소스 파일</Filter>
    </ClCompile>
    <ClCompile Include="Nobody.cpp">
      <Filter>소스 파일</Filter>
    </ClCompile>
    <ClCompile Include="OrganicCabbage.cpp">
      <Filter>소스 파일</Filter>
    </ClCompile>
    <ClCompile Include="HideAndSeek.cpp">
      <Filter>소스 파일</Filter>
    </ClCompile>
    <ClCompile Include="ShortestPath.cpp">
      <Filter>소스 파일</Filter>
    </ClCompile>
    <ClCompile Include="InsertOperator.cpp">
      <Filter>소스 파일</Filter>
    </ClCompile>
    <ClCompile Include="BuyCards.cpp">
      <Filter>소스 파일</Filter>
    </ClCompile>
    <ClCompile Include="AscendingNumber.cpp">
      <Filter>소스 파일</Filter>
    </ClCompile>
    <ClCompile Include="MazeNavigation.cpp">
      <Filter>소스 파일</Filter>
    </ClCompile>
    <ClCompile Include="Tomato.cpp">
      <Filter>소스 파일</Filter>
    </ClCompile>
    <ClCompile Include="Bracket.cpp">
      <Filter>소스 파일</Filter>
    </ClCompile>
  </ItemGroup>
</Project>