<?xml version="1.0" encoding="utf-8"?>
<Project ToolsVersion="4.0" xmlns="http://schemas.microsoft.com/developer/msbuild/2003">
  <ItemGroup>
    <Filter Include="?��?�� ?��?��">
      <UniqueIdentifier>{4FC737F1-C7A5-4376-A066-2A32D752A2FF}</UniqueIdentifier>
      <Extensions>cpp;c;cc;cxx;c++;cppm;ixx;def;odl;idl;hpj;bat;asm;asmx</Extensions>
    </Filter>
    <Filter Include="?��?�� ?��?��">
      <UniqueIdentifier>{93995380-89BD-4b04-88EB-625FBE52EBFB}</UniqueIdentifier>
      <Extensions>h;hh;hpp;hxx;h++;hm;inl;inc;ipp;xsd</Extensions>
    </Filter>
    <Filter Include="리소?�� ?��?��">
      <UniqueIdentifier>{67DA6AB6-F800-4c08-8B7A-83BB121AAD01}</UniqueIdentifier>
      <Extensions>rc;ico;cur;bmp;dlg;rc2;rct;bin;rgs;gif;jpg;jpeg;jpe;resx;tiff;tif;png;wav;mfcribbon-ms</Extensions>
    </Filter>
  </ItemGroup>
  <ItemGroup>
    <ClCompile Include="2048(Easy).cpp" />
    <ClCompile Include="2DArrayAndOperation.cpp" />
    <ClCompile Include="AC.cpp" />
    <ClCompile Include="ArcheryCompetition.cpp" />
    <ClCompile Include="AtoB.cpp" />
    <ClCompile Include="BeadEscape2.cpp" />
    <ClCompile Include="CalculateParkingFee.cpp" />
    <ClCompile Include="Change.cpp" />
    <ClCompile Include="DetermineHikingCourse.cpp" />
    <ClCompile Include="DisappearingBoard.cpp" />
    <ClCompile Include="DragonCurve.cpp" />
    <ClCompile Include="EmoticonSaleEvent.cpp" />
    <ClCompile Include="ExpressibleBinaryTree.cpp" />
    <ClCompile Include="FindTreeParent.cpp" />
    <ClCompile Include="FishingKing.cpp" />
    <ClCompile Include="Gerrymandering2.cpp" />
    <ClCompile Include="Goobye, FineDust.cpp" />
    <ClCompile Include="Gear.cpp" />
    <ClCompile Include="GoDown.cpp" />
    <ClCompile Include="HideAndSeek3.cpp" />
    <ClCompile Include="Iceberg.cpp" />
    <ClCompile Include="Immigration.cpp" />
    <ClCompile Include="IncreaseNumber.cpp" />
    <ClCompile Include="Joystick.cpp" />
    <ClCompile Include="Laboratory3.cpp" />
    <ClCompile Include="LadderManipulation.cpp" />
    <ClCompile Include="Lighthouse.cpp" />
    <ClCompile Include="MakeBiggestNumber.cpp" />
    <ClCompile Include="MergeTable.cpp" />
    <ClCompile Include="MoveWagon.cpp" />
    <ClCompile Include="NewGame2.cpp" />
    <ClCompile Include="RestoreExpressions.cpp" />
    <ClCompile Include="SealedSpell.cpp" />
    <ClCompile Include="CodeDecryption.cpp" />
    <ClCompile Include="Downhill.cpp" />
    <ClCompile Include="GreedyPanda.cpp" />
    <ClCompile Include="HoljjakTree.cpp" />
    <ClCompile Include="CountOfIncreasingServer.cpp" />
    <ClCompile Include="MinHeap.cpp" />
    <ClCompile Include="ChooseDice.cpp" />
    <ClCompile Include="DiskController.cpp" />
    <ClCompile Include="DoublePriorityQueue.cpp" />
    <ClCompile Include="EscapeMaze.cpp" />
    <ClCompile Include="H-Index.cpp" />
    <ClCompile Include="N+1CardGame.cpp" />
    <ClCompile Include="OilDrilling.cpp" />
    <ClCompile Include="PerfectCrime.cpp" />
    <ClCompile Include="Process.cpp" />
    <ClCompile Include="ACMCraft.cpp" />
    <ClCompile Include="AscendingNumber.cpp" />
    <ClCompile Include="Bracket.cpp" />
    <ClCompile Include="BuyCards.cpp" />
    <ClCompile Include="Clothes.cpp" />
    <ClCompile Include="CuttingTree.cpp" />
    <ClCompile Include="DFSAndBFS.cpp" />
    <ClCompile Include="DonutAndStickGraph.cpp" />
    <ClCompile Include="HideAndSeek.cpp" />
    <ClCompile Include="HighBuilding.cpp" />
    <ClCompile Include="CuttingWire.cpp" />
    <ClCompile Include="Good.cpp" />
    <ClCompile Include="InsertOperator.cpp" />
    <ClCompile Include="LISSum.cpp" />
    <ClCompile Include="MazeNavigation.cpp" />
    <ClCompile Include="MostReceivedGift.cpp" />
    <ClCompile Include="MovePipe1.cpp" />
    <ClCompile Include="Nobody.cpp" />
    <ClCompile Include="NumberCard2.cpp" />
    <ClCompile Include="OrganicCabbage.cpp" />
    <ClCompile Include="PartialSectionSum4.cpp" />
    <ClCompile Include="AlarmClock.cpp" />
    <ClCompile Include="ApartmentLeader.cpp" />
    <ClCompile Include="Average.cpp" />
    <ClCompile Include="BabyShark.cpp" />
    <ClCompile Include="Bellman-FordAlgorithm.cpp" />
    <ClCompile Include="BestAlbam.cpp" />
    <ClCompile Include="BiggestNumber.cpp" />
    <ClCompile Include="BinarySearchTree.cpp" />
    <ClCompile Include="Carpet.cpp" />
    <ClCompile Include="ClimbStairs.cpp" />
    <ClCompile Include="Coin1.cpp" />
    <ClCompile Include="Coin2.cpp" />
    <ClCompile Include="CollisionPossiblity.cpp" />
    <ClCompile Include="CountingPrimeNumber.cpp" />
    <ClCompile Include="CountNetwork_UnionFindAlgo.cpp" />
    <ClCompile Include="CountQuadTree.cpp" />
    <ClCompile Include="CuttingRollcake.cpp" />
    <ClCompile Include="DeliveryAndPickup.cpp" />
    <ClCompile Include="DeliverySugar.cpp" />
    <ClCompile Include="Dijkstra.cpp" />
    <ClCompile Include="EasyStairNumber.cpp" />
    <ClCompile Include="ElectricWire.cpp" />
    <ClCompile Include="EscapeMazeOrder.cpp" />
    <ClCompile Include="FindBiggestSquare.cpp" />
    <ClCompile Include="FoldBill.cpp" />
    <ClCompile Include="FractionKnapsackProblem.cpp" />
    <ClCompile Include="ChickenDelivery.cpp" />
    <ClCompile Include="GameDevelop.cpp" />
    <ClCompile Include="GiftCount.cpp" />
    <ClCompile Include="CountSort.cpp" />
    <ClCompile Include="GivingChange.cpp" />
    <ClCompile Include="GroundMoving.cpp" />
    <ClCompile Include="IntegerTriangle.cpp" />
    <ClCompile Include="Josephus.cpp" />
    <ClCompile Include="JumpAndTeleport.cpp" />
    <ClCompile Include="KthNumber.cpp" />
    <ClCompile Include="Laboratory.cpp" />
    <ClCompile Include="LCSLength.cpp" />
    <ClCompile Include="LCS_Baekjoon.cpp" />
    <ClCompile Include="LISLength.cpp" />
    <ClCompile Include="LIS_Baekjoon.cpp" />
    <ClCompile Include="LocatePebbles.cpp" />
    <ClCompile Include="LocationOfCharacter.cpp" />
    <ClCompile Include="MakeToOne.cpp" />
    <ClCompile Include="MaxMatSize.cpp" />
    <ClCompile Include="MeetingRoomAssignment.cpp" />
    <ClCompile Include="MergeSort.cpp" />
    <ClCompile Include="MinimunSpanningTree.cpp" />
    <ClCompile Include="Move110.cpp" />
    <ClCompile Include="NormalKnapsack.cpp" />
    <ClCompile Include="PartialSectionSum5.cpp" />
    <ClCompile Include="PickingDoll.cpp" />
    <ClCompile Include="PinaryNumber.cpp" />
    <ClCompile Include="PlayHopscotch.cpp" />
    <ClCompile Include="PrivacyExpiration.cpp" />
    <ClCompile Include="PuzzleGameChallenge.cpp" />
    <ClCompile Include="RaiderChoragi.cpp" />
    <ClCompile Include="Red-GreenBlindness.cpp" />
    <ClCompile Include="RenewalMenu.cpp" />
    <ClCompile Include="RepeatBinaryConversion.cpp" />
    <ClCompile Include="ReverseBaseThree.cpp" />
    <ClCompile Include="RGBStreet.cpp" />
    <ClCompile Include="RobotCleaner.cpp" />
    <ClCompile Include="RollingDice.cpp" />
    <ClCompile Include="RotateArray.cpp" />
    <ClCompile Include="SearchRank.cpp" />
    <ClCompile Include="Sequence.cpp" />
    <ClCompile Include="SequenceNumberSum.cpp" />
    <ClCompile Include="Sequences_ver1.cpp" />
    <ClCompile Include="SheepAndWolf.cpp" />
    <ClCompile Include="ShortestPath.cpp" />
    <ClCompile Include="Slope.cpp" />
    <ClCompile Include="SnailArray.cpp" />
    <ClCompile Include="Snake.cpp" />
    <ClCompile Include="SortIntDescend.cpp" />
    <ClCompile Include="SortingString.cpp" />
    <ClCompile Include="SpinDisc.cpp" />
    <ClCompile Include="StartAndLink.cpp" />
    <ClCompile Include="StudyCodingTest.cpp" />
    <ClCompile Include="SumCombinations.cpp" />
    <ClCompile Include="BaseTransform.cpp" />
    <ClCompile Include="MovePeople.cpp" />
    <ClCompile Include="BadUser.cpp" />
    <ClCompile Include="CheckKeepingDistance.cpp" />
    <ClCompile Include="SumComposition.cpp" />
    <ClCompile Include="NumberGame.cpp" />
    <ClCompile Include="SumTwoQueue.cpp" />
    <ClCompile Include="Surveillance.cpp" />
    <ClCompile Include="TestProctor.cpp" />
    <ClCompile Include="Tetromino.cpp" />
    <ClCompile Include="Tiling_2xn.cpp" />
    <ClCompile Include="TimeMachine.cpp" />
    <ClCompile Include="Tomato.cpp" />
    <ClCompile Include="Tomato2.cpp" />
    <ClCompile Include="TransformBinary.cpp" />
    <ClCompile Include="TreeInvestment.cpp" />
    <ClCompile Include="TreeTraversal.cpp" />
    <ClCompile Include="Tuple.cpp" />
    <ClCompile Include="UndestroyedBuildings.cpp" />
    <ClCompile Include="Union-FindAlgorithm.cpp" />
    <ClCompile Include="ValueOfBracket.cpp" />
    <ClCompile Include="VectorMatching.cpp" />
    <ClCompile Include="VideoPlayer.cpp" />
    <ClCompile Include="Virus.cpp" />
    <ClCompile Include="WineTasting.cpp" />
    <ClCompile Include="ReceiveReportResult.cpp" />
    <ClCompile Include="Zoo.cpp" />
    <ClCompile Include="IOIOI.cpp" />
    <ClCompile Include="PopBallons.cpp" />
    <ClCompile Include="LongestBitonicSequence.cpp" />
    <ClCompile Include="DiceYutGame.cpp" />
    <ClCompile Include="Floyd.cpp" />
    <ClCompile Include="StartTaxi.cpp" />
    <ClCompile Include="MineCraft.cpp" />
    <ClCompile Include="NAndM(12).cpp" />
    <ClCompile Include="MovingGoldAndSilver.cpp" />
    <ClCompile Include="BreakWallAndMove.cpp" />
    <ClCompile Include="Rank.cpp" />
    <ClCompile Include="DiameterOfTree.cpp" />
    <ClCompile Include="SharedTaxiFee.cpp" />
    <ClCompile Include="SpecifyShortestPath.cpp" />
    <ClCompile Include="ExpressionOfSet.cpp" />
    <ClCompile Include="DanceDanceRevolution.cpp" />
    <ClCompile Include="MakeColorPaper.cpp" />
    <ClCompile Include="GetMinimalCost.cpp" />
    <ClCompile Include="CountOfConnectedComponent.cpp" />
    <ClCompile Include="Lie.cpp" />
    <ClCompile Include="LockAndKey.cpp" />
    <ClCompile Include="GetMinimalCost2.cpp" />
    <ClCompile Include="DiameterOfTree(2).cpp" />
    <ClCompile Include="Z.cpp" />
    <ClCompile Include="GemShopping.cpp" />
    <ClCompile Include="HideAndSeek2.cpp" />
    <ClCompile Include="Password.cpp" />
    <ClCompile Include="StableSection.cpp" />
    <ClCompile Include="TeenagerShark.cpp" />
    <ClCompile Include="RobotsOnConveyorBelt.cpp" />
    <ClCompile Include="SugarDelivery.cpp" />
    <ClCompile Include="PartialSum.cpp" />
    <ClCompile Include="DivideCoins.cpp" />
    <ClCompile Include="N-Queen.cpp" />
    <ClCompile Include="IAmPokemonMasterDasomLee.cpp" />
    <ClCompile Include="SayMiddle.cpp" />
    <ClCompile Include="ListofUniqueNumbers.cpp" />
    <ClCompile Include="LongestPalindrome.cpp" />
    <ClCompile Include="SimilarWords.cpp" />
    <ClCompile Include="Tower.cpp" />
    <ClCompile Include="Alphabet.cpp" />
    <ClCompile Include="Parcel.cpp" />
    <ClCompile Include="CainCalendar.cpp" />
    <ClCompile Include="AdultShark.cpp" />
    <ClCompile Include="Statistics.cpp" />
    <ClCompile Include="SnakeAndLadderGame.cpp" />
    <ClCompile Include="BinarySearchTree_Baekjoon.cpp" />
    <ClCompile Include="DSLR.cpp" />
    <ClCompile Include="Wormhall.cpp" />
    <ClCompile Include="Camping.cpp" />
    <ClCompile Include="2xnTiling2.cpp" />
    <ClCompile Include="SwanLake.cpp" />
    <ClCompile Include="PedestrianParadise.cpp" />
    <ClCompile Include="FoldingPaper.cpp" />
    <ClCompile Include="ColoringBook.cpp" />
    <ClCompile Include="RotationSushi.cpp" />
    <ClCompile Include="SumOneTwoThree.cpp" />
    <ClCompile Include="FibonacciFuction.cpp" />
    <ClCompile Include="Cheese.cpp" />
    <ClCompile Include="StringExplosion.cpp" />
    <ClCompile Include="HouseRobber.cpp" />
    <ClCompile Include="NewGame.cpp" />
    <ClCompile Include="QuitCompany2.cpp" />
    <ClCompile Include="LaserCommunication.cpp" />
    <ClCompile Include="Build.cpp" />
    <ClCompile Include="KevinBaconsSixStepRule.cpp" />
    <ClCompile Include="SogangGround.cpp" />
    <ClCompile Include="CityDivisionPlan.cpp" />
    <ClCompile Include="NAndM(9).cpp" />
    <ClCompile Include="RankgameWaitList.cpp" />
    <ClCompile Include="WizardSharkAndFireball.cpp" />
    <ClCompile Include="LectureTour.cpp" />
    <ClCompile Include="Odeungkeunsu.cpp" />
    <ClCompile Include="Editor.cpp" />
    <ClCompile Include="Shortcut.cpp" />
    <ClCompile Include="LCS2.cpp" />
    <ClCompile Include="RouterInstallation.cpp" />
    <ClCompile Include="LetsGoOnATrip.cpp" />
    <ClCompile Include="MakePasswords.cpp" />
    <ClCompile Include="Algospot.cpp" />
    <ClCompile Include="TurnOnBulb.cpp" />
    <ClCompile Include="AlphabeticalLCS.cpp" />
    <ClCompile Include="MaximumSubSequenceScore.cpp" />
    <ClCompile Include="Party.cpp" />
    <ClCompile Include="LineUp.cpp" />
    <ClCompile Include="Mineral.cpp" />
    <ClCompile Include="MergeFiles.cpp" />
    <ClCompile Include="WordMath.cpp" />
    <ClCompile Include="AbsoluteHeap.cpp" />
    <ClCompile Include="Exercise.cpp" />
    <ClCompile Include="FruitsTanghulu.cpp" />
    <ClCompile Include="App.cpp" />
    <ClCompile Include="Rainwater.cpp" />
    <ClCompile Include="RoadCheck.cpp" />
    <ClCompile Include="Zelda.cpp" />
    <ClCompile Include="Coin0.cpp" />
    <ClCompile Include="JewelThief.cpp" />
    <ClCompile Include="Stock.cpp" />
    <ClCompile Include="GasStation.cpp" />
    <ClCompile Include="RobotCleaner(2).cpp" />
    <ClCompile Include="IsPalindrome.cpp" />
    <ClCompile Include="VillainHoseok.cpp" />
    <ClCompile Include="SortingCards.cpp" />
    <ClCompile Include="FindAllAnagramsInaString.cpp" />
    <ClCompile Include="AandB2.cpp" />
  </ItemGroup>
</Project>